
Microsoft Visual Studio Solution File, Format Version 12.00
# Visual Studio Version 17
VisualStudioVersion = 17.2.32210.308
MinimumVisualStudioVersion = 10.0.40219.1
Project("{FAE04EC0-301F-11D3-BF4B-00C04F79EFBC}") = "Pinger", "Pinger\Pinger.csproj", "{93A99898-E3F8-43EC-9143-0C70500BBE72}"
EndProject
Global
	GlobalSection(SolutionConfigurationPlatforms) = preSolution
		Debug|Any CPU = Debug|Any CPU
		Release|Any CPU = Release|Any CPU
	EndGlobalSection
	GlobalSection(ProjectConfigurationPlatforms) = postSolution
		{93A99898-E3F8-43EC-9143-0C70500BBE72}.Debug|Any CPU.ActiveCfg = Debug|Any CPU
		{93A99898-E3F8-43EC-9143-0C70500BBE72}.Debug|Any CPU.Build.0 = Debug|Any CPU
		{93A99898-E3F8-43EC-9143-0C70500BBE72}.Release|Any CPU.ActiveCfg = Release|Any CPU
		{93A99898-E3F8-43EC-9143-0C70500BBE72}.Release|Any CPU.Build.0 = Release|Any CPU
	EndGlobalSection
	GlobalSection(SolutionProperties) = preSolution
		HideSolutionNode = FALSE
	EndGlobalSection
	GlobalSection(ExtensibilityGlobals) = postSolution
		SolutionGuid = {2DE049B4-AD21-4100-AADD-096A83CC90FE}
	EndGlobalSection
EndGlobal
